
Microsoft Visual Studio Solution File, Format Version 12.00
# Visual Studio Version 16
VisualStudioVersion = 16.0.31025.194
MinimumVisualStudioVersion = 10.0.40219.1
Project("{FAE04EC0-301F-11D3-BF4B-00C04F79EFBC}") = "WpfLoginApp", "WpfLoginApp\WpfLoginApp.csproj", "{6A8F0C2E-060E-449F-A030-D304A4A7DE13}"
EndProject
Project("{FAE04EC0-301F-11D3-BF4B-00C04F79EFBC}") = "ModernUITestApp", "ModernUITestApp\ModernUITestApp.csproj", "{85EE0EFC-F1A2-42C9-8BFC-8A26A1FF6E34}"
EndProject
Project("{FAE04EC0-301F-11D3-BF4B-00C04F79EFBC}") = "WpfPracticeApp", "WpfPracticeApp\WpfPracticeApp.csproj", "{8FE579C7-A8C1-4D8D-99DE-B4D2795BA04A}"
EndProject
Project("{FAE04EC0-301F-11D3-BF4B-00C04F79EFBC}") = "PhotoSensorMonApp", "PhotoSensorMonApp\PhotoSensorMonApp.csproj", "{B7ECB8C7-BE70-4EF0-8CA4-8DC678AC1D8C}"
EndProject
Project("{FAE04EC0-301F-11D3-BF4B-00C04F79EFBC}") = "WpfTestApp", "WpfTestApp\WpfTestApp.csproj", "{5CCAA468-498F-474C-8108-4115AE04A77F}"
EndProject
Project("{FAE04EC0-301F-11D3-BF4B-00C04F79EFBC}") = "FineDustMonApp", "FineDustMonApp\FineDustMonApp.csproj", "{50F99455-16DF-434F-9F6A-F225F779A19E}"
EndProject
Global
	GlobalSection(SolutionConfigurationPlatforms) = preSolution
		Debug|Any CPU = Debug|Any CPU
		Release|Any CPU = Release|Any CPU
	EndGlobalSection
	GlobalSection(ProjectConfigurationPlatforms) = postSolution
		{6A8F0C2E-060E-449F-A030-D304A4A7DE13}.Debug|Any CPU.ActiveCfg = Debug|Any CPU
		{6A8F0C2E-060E-449F-A030-D304A4A7DE13}.Debug|Any CPU.Build.0 = Debug|Any CPU
		{6A8F0C2E-060E-449F-A030-D304A4A7DE13}.Release|Any CPU.ActiveCfg = Release|Any CPU
		{6A8F0C2E-060E-449F-A030-D304A4A7DE13}.Release|Any CPU.Build.0 = Release|Any CPU
		{85EE0EFC-F1A2-42C9-8BFC-8A26A1FF6E34}.Debug|Any CPU.ActiveCfg = Debug|Any CPU
		{85EE0EFC-F1A2-42C9-8BFC-8A26A1FF6E34}.Debug|Any CPU.Build.0 = Debug|Any CPU
		{85EE0EFC-F1A2-42C9-8BFC-8A26A1FF6E34}.Release|Any CPU.ActiveCfg = Release|Any CPU
		{85EE0EFC-F1A2-42C9-8BFC-8A26A1FF6E34}.Release|Any CPU.Build.0 = Release|Any CPU
		{8FE579C7-A8C1-4D8D-99DE-B4D2795BA04A}.Debug|Any CPU.ActiveCfg = Debug|Any CPU
		{8FE579C7-A8C1-4D8D-99DE-B4D2795BA04A}.Debug|Any CPU.Build.0 = Debug|Any CPU
		{8FE579C7-A8C1-4D8D-99DE-B4D2795BA04A}.Release|Any CPU.ActiveCfg = Release|Any CPU
		{8FE579C7-A8C1-4D8D-99DE-B4D2795BA04A}.Release|Any CPU.Build.0 = Release|Any CPU
		{B7ECB8C7-BE70-4EF0-8CA4-8DC678AC1D8C}.Debug|Any CPU.ActiveCfg = Debug|Any CPU
		{B7ECB8C7-BE70-4EF0-8CA4-8DC678AC1D8C}.Debug|Any CPU.Build.0 = Debug|Any CPU
		{B7ECB8C7-BE70-4EF0-8CA4-8DC678AC1D8C}.Release|Any CPU.ActiveCfg = Release|Any CPU
		{B7ECB8C7-BE70-4EF0-8CA4-8DC678AC1D8C}.Release|Any CPU.Build.0 = Release|Any CPU
		{5CCAA468-498F-474C-8108-4115AE04A77F}.Debug|Any CPU.ActiveCfg = Debug|Any CPU
		{5CCAA468-498F-474C-8108-4115AE04A77F}.Debug|Any CPU.Build.0 = Debug|Any CPU
		{5CCAA468-498F-474C-8108-4115AE04A77F}.Release|Any CPU.ActiveCfg = Release|Any CPU
		{5CCAA468-498F-474C-8108-4115AE04A77F}.Release|Any CPU.Build.0 = Release|Any CPU
		{50F99455-16DF-434F-9F6A-F225F779A19E}.Debug|Any CPU.ActiveCfg = Debug|Any CPU
		{50F99455-16DF-434F-9F6A-F225F779A19E}.Debug|Any CPU.Build.0 = Debug|Any CPU
		{50F99455-16DF-434F-9F6A-F225F779A19E}.Release|Any CPU.ActiveCfg = Release|Any CPU
		{50F99455-16DF-434F-9F6A-F225F779A19E}.Release|Any CPU.Build.0 = Release|Any CPU
	EndGlobalSection
	GlobalSection(SolutionProperties) = preSolution
		HideSolutionNode = FALSE
	EndGlobalSection
	GlobalSection(ExtensibilityGlobals) = postSolution
		SolutionGuid = {40AC2E39-30A5-4CF8-B7E5-BDE83328E01E}
	EndGlobalSection
EndGlobal
